
Microsoft Visual Studio Solution File, Format Version 12.00
# Visual Studio Version 17
VisualStudioVersion = 17.13.35931.197 d17.13
MinimumVisualStudioVersion = 10.0.40219.1
Project("{FAE04EC0-301F-11D3-BF4B-00C04F79EFBC}") = "CinemaBookingSystemAPI", "CinemaBookingSystemAPI\CinemaBookingSystemAPI.csproj", "{1E409B45-679B-4ABC-9C0F-A657E7607AE9}"
EndProject
Project("{FAE04EC0-301F-11D3-BF4B-00C04F79EFBC}") = "CinemaBookingSystemDAL", "CinemaBookingSystemDAL\CinemaBookingSystemDAL.csproj", "{00D982C2-0F7E-4623-B1D1-00C0AA5AD9F3}"
EndProject
Project("{FAE04EC0-301F-11D3-BF4B-00C04F79EFBC}") = "CinemaBookingSystemBLL", "CinemaBookingSystemBLL\CinemaBookingSystemBLL.csproj", "{F370D64B-86CC-435A-8BB6-0BAC97D430AD}"
EndProject
Global
	GlobalSection(SolutionConfigurationPlatforms) = preSolution
		Debug|Any CPU = Debug|Any CPU
		Release|Any CPU = Release|Any CPU
	EndGlobalSection
	GlobalSection(ProjectConfigurationPlatforms) = postSolution
		{1E409B45-679B-4ABC-9C0F-A657E7607AE9}.Debug|Any CPU.ActiveCfg = Debug|Any CPU
		{1E409B45-679B-4ABC-9C0F-A657E7607AE9}.Debug|Any CPU.Build.0 = Debug|Any CPU
		{1E409B45-679B-4ABC-9C0F-A657E7607AE9}.Release|Any CPU.ActiveCfg = Release|Any CPU
		{1E409B45-679B-4ABC-9C0F-A657E7607AE9}.Release|Any CPU.Build.0 = Release|Any CPU
		{00D982C2-0F7E-4623-B1D1-00C0AA5AD9F3}.Debug|Any CPU.ActiveCfg = Debug|Any CPU
		{00D982C2-0F7E-4623-B1D1-00C0AA5AD9F3}.Debug|Any CPU.Build.0 = Debug|Any CPU
		{00D982C2-0F7E-4623-B1D1-00C0AA5AD9F3}.Release|Any CPU.ActiveCfg = Release|Any CPU
		{00D982C2-0F7E-4623-B1D1-00C0AA5AD9F3}.Release|Any CPU.Build.0 = Release|Any CPU
		{F370D64B-86CC-435A-8BB6-0BAC97D430AD}.Debug|Any CPU.ActiveCfg = Debug|Any CPU
		{F370D64B-86CC-435A-8BB6-0BAC97D430AD}.Debug|Any CPU.Build.0 = Debug|Any CPU
		{F370D64B-86CC-435A-8BB6-0BAC97D430AD}.Release|Any CPU.ActiveCfg = Release|Any CPU
		{F370D64B-86CC-435A-8BB6-0BAC97D430AD}.Release|Any CPU.Build.0 = Release|Any CPU
	EndGlobalSection
	GlobalSection(SolutionProperties) = preSolution
		HideSolutionNode = FALSE
	EndGlobalSection
	GlobalSection(ExtensibilityGlobals) = postSolution
		SolutionGuid = {72A0773C-7310-4CBE-84D4-E50B34BF0006}
	EndGlobalSection
EndGlobal
